
Microsoft Visual Studio Solution File, Format Version 12.00
# Visual Studio 15
VisualStudioVersion = 15.0.28307.421
MinimumVisualStudioVersion = 10.0.40219.1
Project("{FAE04EC0-301F-11D3-BF4B-00C04F79EFBC}") = "web", "VERMONT _ DESENVOLVEDOR _DOT NET _TESTE\web.csproj", "{39058290-9A77-474A-8C26-C2FCDFEA42B1}"
EndProject
Global
	GlobalSection(SolutionConfigurationPlatforms) = preSolution
		Debug|Any CPU = Debug|Any CPU
		Release|Any CPU = Release|Any CPU
	EndGlobalSection
	GlobalSection(ProjectConfigurationPlatforms) = postSolution
		{39058290-9A77-474A-8C26-C2FCDFEA42B1}.Debug|Any CPU.ActiveCfg = Debug|Any CPU
		{39058290-9A77-474A-8C26-C2FCDFEA42B1}.Debug|Any CPU.Build.0 = Debug|Any CPU
		{39058290-9A77-474A-8C26-C2FCDFEA42B1}.Release|Any CPU.ActiveCfg = Release|Any CPU
		{39058290-9A77-474A-8C26-C2FCDFEA42B1}.Release|Any CPU.Build.0 = Release|Any CPU
	EndGlobalSection
	GlobalSection(SolutionProperties) = preSolution
		HideSolutionNode = FALSE
	EndGlobalSection
	GlobalSection(ExtensibilityGlobals) = postSolution
		SolutionGuid = {A8A4DE16-793A-4C7B-B127-04E4F1CA20EA}
	EndGlobalSection
EndGlobal
